
Microsoft Visual Studio Solution File, Format Version 12.00
# Visual Studio 15
VisualStudioVersion = 15.0.28307.421
MinimumVisualStudioVersion = 10.0.40219.1
Project("{9A19103F-16F7-4668-BE54-9A1E7A4F7556}") = "ChustaSoft.Tools.ExecutionControl", "ChustaSoft.Tools.ExecutionControl\ChustaSoft.Tools.ExecutionControl.csproj", "{31BD34AC-99EC-4842-B2EF-97DC3594D386}"
EndProject
Project("{9A19103F-16F7-4668-BE54-9A1E7A4F7556}") = "ChustaSoft.Tools.ExecutionControl.UnitTest", "ChustaSoft.Tools.ExecutionControl.UnitTest\ChustaSoft.Tools.ExecutionControl.UnitTest.csproj", "{8A28B56F-41DA-4322-92E8-F5A133AD0D35}"
EndProject
Project("{FAE04EC0-301F-11D3-BF4B-00C04F79EFBC}") = "ChustaSoft.Tools.ExecutionControl.TestAPI", "ChustaSoft.Tools.ExecutionControl.TestAPI\ChustaSoft.Tools.ExecutionControl.TestAPI.csproj", "{20961932-E116-4CD7-BB92-7262A1D2E00A}"
EndProject
Global
	GlobalSection(SolutionConfigurationPlatforms) = preSolution
		Debug|Any CPU = Debug|Any CPU
		Release|Any CPU = Release|Any CPU
	EndGlobalSection
	GlobalSection(ProjectConfigurationPlatforms) = postSolution
		{31BD34AC-99EC-4842-B2EF-97DC3594D386}.Debug|Any CPU.ActiveCfg = Debug|Any CPU
		{31BD34AC-99EC-4842-B2EF-97DC3594D386}.Debug|Any CPU.Build.0 = Debug|Any CPU
		{31BD34AC-99EC-4842-B2EF-97DC3594D386}.Release|Any CPU.ActiveCfg = Release|Any CPU
		{31BD34AC-99EC-4842-B2EF-97DC3594D386}.Release|Any CPU.Build.0 = Release|Any CPU
		{8A28B56F-41DA-4322-92E8-F5A133AD0D35}.Debug|Any CPU.ActiveCfg = Debug|Any CPU
		{8A28B56F-41DA-4322-92E8-F5A133AD0D35}.Debug|Any CPU.Build.0 = Debug|Any CPU
		{8A28B56F-41DA-4322-92E8-F5A133AD0D35}.Release|Any CPU.ActiveCfg = Release|Any CPU
		{8A28B56F-41DA-4322-92E8-F5A133AD0D35}.Release|Any CPU.Build.0 = Release|Any CPU
		{20961932-E116-4CD7-BB92-7262A1D2E00A}.Debug|Any CPU.ActiveCfg = Debug|Any CPU
		{20961932-E116-4CD7-BB92-7262A1D2E00A}.Debug|Any CPU.Build.0 = Debug|Any CPU
		{20961932-E116-4CD7-BB92-7262A1D2E00A}.Release|Any CPU.ActiveCfg = Release|Any CPU
		{20961932-E116-4CD7-BB92-7262A1D2E00A}.Release|Any CPU.Build.0 = Release|Any CPU
	EndGlobalSection
	GlobalSection(SolutionProperties) = preSolution
		HideSolutionNode = FALSE
	EndGlobalSection
	GlobalSection(ExtensibilityGlobals) = postSolution
		SolutionGuid = {951A4ABF-5DBB-4282-8262-D9784C79053B}
	EndGlobalSection
EndGlobal
